// !$*UTF8*$!
{
	archiveVersion = 1;
	classes = {
	};
	objectVersion = 50;
	objects = {

/* Begin PBXBuildFile section */
		CA29E62526BC8D9300201777 /* LandmarkApp.swift in Sources */ = {isa = PBXBuildFile; fileRef = CA29E62426BC8D9300201777 /* LandmarkApp.swift */; };
		CA29E62726BC8D9300201777 /* ContentView.swift in Sources */ = {isa = PBXBuildFile; fileRef = CA29E62626BC8D9300201777 /* ContentView.swift */; };
		CA29E62926BC8D9400201777 /* Assets.xcassets in Resources */ = {isa = PBXBuildFile; fileRef = CA29E62826BC8D9400201777 /* Assets.xcassets */; };
		CA29E62C26BC8D9400201777 /* Preview Assets.xcassets in Resources */ = {isa = PBXBuildFile; fileRef = CA29E62B26BC8D9400201777 /* Preview Assets.xcassets */; };
		CA29E63426BCA5DF00201777 /* CircleImage.swift in Sources */ = {isa = PBXBuildFile; fileRef = CA29E63326BCA5DF00201777 /* CircleImage.swift */; };
		CA29E63826BCB21E00201777 /* MapView.swift in Sources */ = {isa = PBXBuildFile; fileRef = CA29E63726BCB21E00201777 /* MapView.swift */; };
		CAAF9C1C26BE2DED00EDFC26 /* Landmark.swift in Sources */ = {isa = PBXBuildFile; fileRef = CAAF9C1B26BE2DED00EDFC26 /* Landmark.swift */; };
		CAAF9C1E26BE305B00EDFC26 /* ModelData.swift in Sources */ = {isa = PBXBuildFile; fileRef = CAAF9C1D26BE305B00EDFC26 /* ModelData.swift */; };
		CAAF9C2026BE336900EDFC26 /* landmarkData.json in Resources */ = {isa = PBXBuildFile; fileRef = CAAF9C1F26BE336900EDFC26 /* landmarkData.json */; };
		CAAF9C2626BE412900EDFC26 /* LandmarkRow.swift in Sources */ = {isa = PBXBuildFile; fileRef = CAAF9C2526BE412900EDFC26 /* LandmarkRow.swift */; };
		CAAF9C2826BE4F4400EDFC26 /* LandmarkList.swift in Sources */ = {isa = PBXBuildFile; fileRef = CAAF9C2726BE4F4400EDFC26 /* LandmarkList.swift */; };
		CAAF9C2A26BE532200EDFC26 /* LandmarkDetail.swift in Sources */ = {isa = PBXBuildFile; fileRef = CAAF9C2926BE532200EDFC26 /* LandmarkDetail.swift */; };
/* End PBXBuildFile section */

/* Begin PBXFileReference section */
		CA29E62126BC8D9300201777 /* Landmark.app */ = {isa = PBXFileReference; explicitFileType = wrapper.application; includeInIndex = 0; path = Landmark.app; sourceTree = BUILT_PRODUCTS_DIR; };
		CA29E62426BC8D9300201777 /* LandmarkApp.swift */ = {isa = PBXFileReference; lastKnownFileType = sourcecode.swift; path = LandmarkApp.swift; sourceTree = "<group>"; };
		CA29E62626BC8D9300201777 /* ContentView.swift */ = {isa = PBXFileReference; lastKnownFileType = sourcecode.swift; path = ContentView.swift; sourceTree = "<group>"; };
		CA29E62826BC8D9400201777 /* Assets.xcassets */ = {isa = PBXFileReference; lastKnownFileType = folder.assetcatalog; path = Assets.xcassets; sourceTree = "<group>"; };
		CA29E62B26BC8D9400201777 /* Preview Assets.xcassets */ = {isa = PBXFileReference; lastKnownFileType = folder.assetcatalog; path = "Preview Assets.xcassets"; sourceTree = "<group>"; };
		CA29E62D26BC8D9400201777 /* Info.plist */ = {isa = PBXFileReference; lastKnownFileType = text.plist.xml; path = Info.plist; sourceTree = "<group>"; };
		CA29E63326BCA5DF00201777 /* CircleImage.swift */ = {isa = PBXFileReference; lastKnownFileType = sourcecode.swift; path = CircleImage.swift; sourceTree = "<group>"; };
		CA29E63726BCB21E00201777 /* MapView.swift */ = {isa = PBXFileReference; lastKnownFileType = sourcecode.swift; path = MapView.swift; sourceTree = "<group>"; };
		CAAF9C1B26BE2DED00EDFC26 /* Landmark.swift */ = {isa = PBXFileReference; lastKnownFileType = sourcecode.swift; path = Landmark.swift; sourceTree = "<group>"; };
		CAAF9C1D26BE305B00EDFC26 /* ModelData.swift */ = {isa = PBXFileReference; lastKnownFileType = sourcecode.swift; path = ModelData.swift; sourceTree = "<group>"; };
		CAAF9C1F26BE336900EDFC26 /* landmarkData.json */ = {isa = PBXFileReference; fileEncoding = 4; lastKnownFileType = text.json; path = landmarkData.json; sourceTree = "<group>"; };
		CAAF9C2526BE412900EDFC26 /* LandmarkRow.swift */ = {isa = PBXFileReference; lastKnownFileType = sourcecode.swift; path = LandmarkRow.swift; sourceTree = "<group>"; };
		CAAF9C2726BE4F4400EDFC26 /* LandmarkList.swift */ = {isa = PBXFileReference; lastKnownFileType = sourcecode.swift; path = LandmarkList.swift; sourceTree = "<group>"; };
		CAAF9C2926BE532200EDFC26 /* LandmarkDetail.swift */ = {isa = PBXFileReference; lastKnownFileType = sourcecode.swift; path = LandmarkDetail.swift; sourceTree = "<group>"; };
/* End PBXFileReference section */

/* Begin PBXFrameworksBuildPhase section */
		CA29E61E26BC8D9300201777 /* Frameworks */ = {
			isa = PBXFrameworksBuildPhase;
			buildActionMask = 2147483647;
			files = (
			);
			runOnlyForDeploymentPostprocessing = 0;
		};
/* End PBXFrameworksBuildPhase section */

/* Begin PBXGroup section */
		CA29E61826BC8D9300201777 = {
			isa = PBXGroup;
			children = (
				CA29E62326BC8D9300201777 /* Landmark */,
				CA29E62226BC8D9300201777 /* Products */,
			);
			sourceTree = "<group>";
		};
		CA29E62226BC8D9300201777 /* Products */ = {
			isa = PBXGroup;
			children = (
				CA29E62126BC8D9300201777 /* Landmark.app */,
			);
			name = Products;
			sourceTree = "<group>";
		};
		CA29E62326BC8D9300201777 /* Landmark */ = {
			isa = PBXGroup;
			children = (
				CAAF9C2126BE33D200EDFC26 /* Views */,
				CAAF9C2226BE33D700EDFC26 /* Model */,
				CA29E62426BC8D9300201777 /* LandmarkApp.swift */,
				CA29E62826BC8D9400201777 /* Assets.xcassets */,
				CAAF9C1F26BE336900EDFC26 /* landmarkData.json */,
				CA29E62D26BC8D9400201777 /* Info.plist */,
				CA29E62A26BC8D9400201777 /* Preview Content */,
			);
			path = Landmark;
			sourceTree = "<group>";
		};
		CA29E62A26BC8D9400201777 /* Preview Content */ = {
			isa = PBXGroup;
			children = (
				CA29E62B26BC8D9400201777 /* Preview Assets.xcassets */,
			);
			path = "Preview Content";
			sourceTree = "<group>";
		};
		CAAF9C2126BE33D200EDFC26 /* Views */ = {
			isa = PBXGroup;
			children = (
				CA29E62626BC8D9300201777 /* ContentView.swift */,
				CA29E63726BCB21E00201777 /* MapView.swift */,
				CA29E63326BCA5DF00201777 /* CircleImage.swift */,
				CAAF9C2526BE412900EDFC26 /* LandmarkRow.swift */,
				CAAF9C2726BE4F4400EDFC26 /* LandmarkList.swift */,
				CAAF9C2926BE532200EDFC26 /* LandmarkDetail.swift */,
			);
			path = Views;
			sourceTree = "<group>";
		};
		CAAF9C2226BE33D700EDFC26 /* Model */ = {
			isa = PBXGroup;
			children = (
				CAAF9C1D26BE305B00EDFC26 /* ModelData.swift */,
				CAAF9C1B26BE2DED00EDFC26 /* Landmark.swift */,
			);
			path = Model;
			sourceTree = "<group>";
		};
/* End PBXGroup section */

/* Begin PBXNativeTarget section */
		CA29E62026BC8D9300201777 /* Landmark */ = {
			isa = PBXNativeTarget;
			buildConfigurationList = CA29E63026BC8D9400201777 /* Build configuration list for PBXNativeTarget "Landmark" */;
			buildPhases = (
				CA29E61D26BC8D9300201777 /* Sources */,
				CA29E61E26BC8D9300201777 /* Frameworks */,
				CA29E61F26BC8D9300201777 /* Resources */,
			);
			buildRules = (
			);
			dependencies = (
			);
			name = Landmark;
			productName = Landmark;
			productReference = CA29E62126BC8D9300201777 /* Landmark.app */;
			productType = "com.apple.product-type.application";
		};
/* End PBXNativeTarget section */

/* Begin PBXProject section */
		CA29E61926BC8D9300201777 /* Project object */ = {
			isa = PBXProject;
			attributes = {
				LastSwiftUpdateCheck = 1250;
				LastUpgradeCheck = 1250;
				TargetAttributes = {
					CA29E62026BC8D9300201777 = {
						CreatedOnToolsVersion = 12.5.1;
					};
				};
			};
			buildConfigurationList = CA29E61C26BC8D9300201777 /* Build configuration list for PBXProject "Landmark" */;
			compatibilityVersion = "Xcode 9.3";
			developmentRegion = en;
			hasScannedForEncodings = 0;
			knownRegions = (
				en,
				Base,
			);
			mainGroup = CA29E61826BC8D9300201777;
			productRefGroup = CA29E62226BC8D9300201777 /* Products */;
			projectDirPath = "";
			projectRoot = "";
			targets = (
				CA29E62026BC8D9300201777 /* Landmark */,
			);
		};
/* End PBXProject section */

/* Begin PBXResourcesBuildPhase section */
		CA29E61F26BC8D9300201777 /* Resources */ = {
			isa = PBXResourcesBuildPhase;
			buildActionMask = 2147483647;
			files = (
				CA29E62C26BC8D9400201777 /* Preview Assets.xcassets in Resources */,
				CA29E62926BC8D9400201777 /* Assets.xcassets in Resources */,
				CAAF9C2026BE336900EDFC26 /* landmarkData.json in Resources */,
			);
			runOnlyForDeploymentPostprocessing = 0;
		};
/* End PBXResourcesBuildPhase section */

/* Begin PBXSourcesBuildPhase section */
		CA29E61D26BC8D9300201777 /* Sources */ = {
			isa = PBXSourcesBuildPhase;
			buildActionMask = 2147483647;
			files = (
				CA29E62726BC8D9300201777 /* ContentView.swift in Sources */,
				CA29E63826BCB21E00201777 /* MapView.swift in Sources */,
				CA29E62526BC8D9300201777 /* LandmarkApp.swift in Sources */,
				CAAF9C2826BE4F4400EDFC26 /* LandmarkList.swift in Sources */,
				CAAF9C2A26BE532200EDFC26 /* LandmarkDetail.swift in Sources */,
				CA29E63426BCA5DF00201777 /* CircleImage.swift in Sources */,
				CAAF9C1C26BE2DED00EDFC26 /* Landmark.swift in Sources */,
				CAAF9C2626BE412900EDFC26 /* LandmarkRow.swift in Sources */,
				CAAF9C1E26BE305B00EDFC26 /* ModelData.swift in Sources */,
			);
			runOnlyForDeploymentPostprocessing = 0;
		};
/* End PBXSourcesBuildPhase section */

/* Begin XCBuildConfiguration section */
		CA29E62E26BC8D9400201777 /* Debug */ = {
			isa = XCBuildConfiguration;
			buildSettings = {
				ALWAYS_SEARCH_USER_PATHS = NO;
				CLANG_ANALYZER_NONNULL = YES;
				CLANG_ANALYZER_NUMBER_OBJECT_CONVERSION = YES_AGGRESSIVE;
				CLANG_CXX_LANGUAGE_STANDARD = "gnu++14";
				CLANG_CXX_LIBRARY = "libc++";
				CLANG_ENABLE_MODULES = YES;
				CLANG_ENABLE_OBJC_ARC = YES;
				CLANG_ENABLE_OBJC_WEAK = YES;
				CLANG_WARN_BLOCK_CAPTURE_AUTORELEASING = YES;
				CLANG_WARN_BOOL_CONVERSION = YES;
				CLANG_WARN_COMMA = YES;
				CLANG_WARN_CONSTANT_CONVERSION = YES;
				CLANG_WARN_DEPRECATED_OBJC_IMPLEMENTATIONS = YES;
				CLANG_WARN_DIRECT_OBJC_ISA_USAGE = YES_ERROR;
				CLANG_WARN_DOCUMENTATION_COMMENTS = YES;
				CLANG_WARN_EMPTY_BODY = YES;
				CLANG_WARN_ENUM_CONVERSION = YES;
				CLANG_WARN_INFINITE_RECURSION = YES;
				CLANG_WARN_INT_CONVERSION = YES;
				CLANG_WARN_NON_LITERAL_NULL_CONVERSION = YES;
				CLANG_WARN_OBJC_IMPLICIT_RETAIN_SELF = YES;
				CLANG_WARN_OBJC_LITERAL_CONVERSION = YES;
				CLANG_WARN_OBJC_ROOT_CLASS = YES_ERROR;
				CLANG_WARN_QUOTED_INCLUDE_IN_FRAMEWORK_HEADER = YES;
				CLANG_WARN_RANGE_LOOP_ANALYSIS = YES;
				CLANG_WARN_STRICT_PROTOTYPES = YES;
				CLANG_WARN_SUSPICIOUS_MOVE = YES;
				CLANG_WARN_UNGUARDED_AVAILABILITY = YES_AGGRESSIVE;
				CLANG_WARN_UNREACHABLE_CODE = YES;
				CLANG_WARN__DUPLICATE_METHOD_MATCH = YES;
				COPY_PHASE_STRIP = NO;
				DEBUG_INFORMATION_FORMAT = dwarf;
				ENABLE_STRICT_OBJC_MSGSEND = YES;
				ENABLE_TESTABILITY = YES;
				GCC_C_LANGUAGE_STANDARD = gnu11;
				GCC_DYNAMIC_NO_PIC = NO;
				GCC_NO_COMMON_BLOCKS = YES;
				GCC_OPTIMIZATION_LEVEL = 0;
				GCC_PREPROCESSOR_DEFINITIONS = (
					"DEBUG=1",
					"$(inherited)",
				);
				GCC_WARN_64_TO_32_BIT_CONVERSION = YES;
				GCC_WARN_ABOUT_RETURN_TYPE = YES_ERROR;
				GCC_WARN_UNDECLARED_SELECTOR = YES;
				GCC_WARN_UNINITIALIZED_AUTOS = YES_AGGRESSIVE;
				GCC_WARN_UNUSED_FUNCTION = YES;
				GCC_WARN_UNUSED_VARIABLE = YES;
				IPHONEOS_DEPLOYMENT_TARGET = 14.5;
				MTL_ENABLE_DEBUG_INFO = INCLUDE_SOURCE;
				MTL_FAST_MATH = YES;
				ONLY_ACTIVE_ARCH = YES;
				SDKROOT = iphoneos;
				SWIFT_ACTIVE_COMPILATION_CONDITIONS = DEBUG;
				SWIFT_OPTIMIZATION_LEVEL = "-Onone";
			};
			name = Debug;
		};
		CA29E62F26BC8D9400201777 /* Release */ = {
			isa = XCBuildConfiguration;
			buildSettings = {
				ALWAYS_SEARCH_USER_PATHS = NO;
				CLANG_ANALYZER_NONNULL = YES;
				CLANG_ANALYZER_NUMBER_OBJECT_CONVERSION = YES_AGGRESSIVE;
				CLANG_CXX_LANGUAGE_STANDARD = "gnu++14";
				CLANG_CXX_LIBRARY = "libc++";
				CLANG_ENABLE_MODULES = YES;
				CLANG_ENABLE_OBJC_ARC = YES;
				CLANG_ENABLE_OBJC_WEAK = YES;
				CLANG_WARN_BLOCK_CAPTURE_AUTORELEASING = YES;
				CLANG_WARN_BOOL_CONVERSION = YES;
				CLANG_WARN_COMMA = YES;
				CLANG_WARN_CONSTANT_CONVERSION = YES;
				CLANG_WARN_DEPRECATED_OBJC_IMPLEMENTATIONS = YES;
				CLANG_WARN_DIRECT_OBJC_ISA_USAGE = YES_ERROR;
				CLANG_WARN_DOCUMENTATION_COMMENTS = YES;
				CLANG_WARN_EMPTY_BODY = YES;
				CLANG_WARN_ENUM_CONVERSION = YES;
				CLANG_WARN_INFINITE_RECURSION = YES;
				CLANG_WARN_INT_CONVERSION = YES;
				CLANG_WARN_NON_LITERAL_NULL_CONVERSION = YES;
				CLANG_WARN_OBJC_IMPLICIT_RETAIN_SELF = YES;
				CLANG_WARN_OBJC_LITERAL_CONVERSION = YES;
				CLANG_WARN_OBJC_ROOT_CLASS = YES_ERROR;
				CLANG_WARN_QUOTED_INCLUDE_IN_FRAMEWORK_HEADER = YES;
				CLANG_WARN_RANGE_LOOP_ANALYSIS = YES;
				CLANG_WARN_STRICT_PROTOTYPES = YES;
				CLANG_WARN_SUSPICIOUS_MOVE = YES;
				CLANG_WARN_UNGUARDED_AVAILABILITY = YES_AGGRESSIVE;
				CLANG_WARN_UNREACHABLE_CODE = YES;
				CLANG_WARN__DUPLICATE_METHOD_MATCH = YES;
				COPY_PHASE_STRIP = NO;
				DEBUG_INFORMATION_FORMAT = "dwarf-with-dsym";
				ENABLE_NS_ASSERTIONS = NO;
				ENABLE_STRICT_OBJC_MSGSEND = YES;
				GCC_C_LANGUAGE_STANDARD = gnu11;
				GCC_NO_COMMON_BLOCKS = YES;
				GCC_WARN_64_TO_32_BIT_CONVERSION = YES;
				GCC_WARN_ABOUT_RETURN_TYPE = YES_ERROR;
				GCC_WARN_UNDECLARED_SELECTOR = YES;
				GCC_WARN_UNINITIALIZED_AUTOS = YES_AGGRESSIVE;
				GCC_WARN_UNUSED_FUNCTION = YES;
				GCC_WARN_UNUSED_VARIABLE = YES;
				IPHONEOS_DEPLOYMENT_TARGET = 14.5;
				MTL_ENABLE_DEBUG_INFO = NO;
				MTL_FAST_MATH = YES;
				SDKROOT = iphoneos;
				SWIFT_COMPILATION_MODE = wholemodule;
				SWIFT_OPTIMIZATION_LEVEL = "-O";
				VALIDATE_PRODUCT = YES;
			};
			name = Release;
		};
		CA29E63126BC8D9400201777 /* Debug */ = {
			isa = XCBuildConfiguration;
			buildSettings = {
				ASSETCATALOG_COMPILER_APPICON_NAME = AppIcon;
				ASSETCATALOG_COMPILER_GLOBAL_ACCENT_COLOR_NAME = AccentColor;
				CODE_SIGN_STYLE = Automatic;
				DEVELOPMENT_ASSET_PATHS = "\"Landmark/Preview Content\"";
				DEVELOPMENT_TEAM = U27F325DJF;
				ENABLE_PREVIEWS = YES;
				INFOPLIST_FILE = Landmark/Info.plist;
				IPHONEOS_DEPLOYMENT_TARGET = 14.0;
				LD_RUNPATH_SEARCH_PATHS = (
					"$(inherited)",
					"@executable_path/Frameworks",
				);
				PRODUCT_BUNDLE_IDENTIFIER = com.maing.Landmark;
				PRODUCT_NAME = "$(TARGET_NAME)";
				SWIFT_VERSION = 5.0;
				TARGETED_DEVICE_FAMILY = "1,2";
			};
			name = Debug;
		};
		CA29E63226BC8D9400201777 /* Release */ = {
			isa = XCBuildConfiguration;
			buildSettings = {
				ASSETCATALOG_COMPILER_APPICON_NAME = AppIcon;
				ASSETCATALOG_COMPILER_GLOBAL_ACCENT_COLOR_NAME = AccentColor;
				CODE_SIGN_STYLE = Automatic;
				DEVELOPMENT_ASSET_PATHS = "\"Landmark/Preview Content\"";
				DEVELOPMENT_TEAM = U27F325DJF;
				ENABLE_PREVIEWS = YES;
				INFOPLIST_FILE = Landmark/Info.plist;
				IPHONEOS_DEPLOYMENT_TARGET = 14.0;
				LD_RUNPATH_SEARCH_PATHS = (
					"$(inherited)",
					"@executable_path/Frameworks",
				);
				PRODUCT_BUNDLE_IDENTIFIER = com.maing.Landmark;
				PRODUCT_NAME = "$(TARGET_NAME)";
				SWIFT_VERSION = 5.0;
				TARGETED_DEVICE_FAMILY = "1,2";
			};
			name = Release;
		};
/* End XCBuildConfiguration section */

/* Begin XCConfigurationList section */
		CA29E61C26BC8D9300201777 /* Build configuration list for PBXProject "Landmark" */ = {
			isa = XCConfigurationList;
			buildConfigurations = (
				CA29E62E26BC8D9400201777 /* Debug */,
				CA29E62F26BC8D9400201777 /* Release */,
			);
			defaultConfigurationIsVisible = 0;
			defaultConfigurationName = Release;
		};
		CA29E63026BC8D9400201777 /* Build configuration list for PBXNativeTarget "Landmark" */ = {
			isa = XCConfigurationList;
			buildConfigurations = (
				CA29E63126BC8D9400201777 /* Debug */,
				CA29E63226BC8D9400201777 /* Release */,
			);
			defaultConfigurationIsVisible = 0;
			defaultConfigurationName = Release;
		};
/* End XCConfigurationList section */
	};
	rootObject = CA29E61926BC8D9300201777 /* Project object */;
}
